
Microsoft Visual Studio Solution File, Format Version 12.00
# Visual Studio Version 17
VisualStudioVersion = 17.0.31903.59
MinimumVisualStudioVersion = 10.0.40219.1
Project("{2150E333-8FDC-42A3-9474-1A3956D46DE8}") = "WebApplication1", "WebApplication1", "{4F5CF9E6-7706-44B6-B6D3-FB68025B030E}"
EndProject
Project("{FAE04EC0-301F-11D3-BF4B-00C04F79EFBC}") = "WebApplication1", "WebApplication1\WebApplication1\WebApplication1.csproj", "{61F7D6A2-A5F0-43CD-A4CA-09DBBF911524}"
EndProject
Global
	GlobalSection(SolutionConfigurationPlatforms) = preSolution
		Debug|Any CPU = Debug|Any CPU
		Release|Any CPU = Release|Any CPU
	EndGlobalSection
	GlobalSection(SolutionProperties) = preSolution
		HideSolutionNode = FALSE
	EndGlobalSection
	GlobalSection(ProjectConfigurationPlatforms) = postSolution
		{61F7D6A2-A5F0-43CD-A4CA-09DBBF911524}.Debug|Any CPU.ActiveCfg = Debug|Any CPU
		{61F7D6A2-A5F0-43CD-A4CA-09DBBF911524}.Debug|Any CPU.Build.0 = Debug|Any CPU
		{61F7D6A2-A5F0-43CD-A4CA-09DBBF911524}.Release|Any CPU.ActiveCfg = Release|Any CPU
		{61F7D6A2-A5F0-43CD-A4CA-09DBBF911524}.Release|Any CPU.Build.0 = Release|Any CPU
	EndGlobalSection
	GlobalSection(NestedProjects) = preSolution
		{61F7D6A2-A5F0-43CD-A4CA-09DBBF911524} = {4F5CF9E6-7706-44B6-B6D3-FB68025B030E}
	EndGlobalSection
EndGlobal
