
Microsoft Visual Studio Solution File, Format Version 12.00
# Visual Studio Version 17
VisualStudioVersion = 17.0.31903.59
MinimumVisualStudioVersion = 10.0.40219.1
Project("{2150E333-8FDC-42A3-9474-1A3956D46DE8}") = "WebApplication1", "WebApplication1", "{4F5CF9E6-7706-44B6-B6D3-FB68025B030E}"
EndProject
Project("{FAE04EC0-301F-11D3-BF4B-00C04F79EFBC}") = "WebApplication1", "WebApplication1\WebApplication1\WebApplication1.csproj", "{61F7D6A2-A5F0-43CD-A4CA-09DBBF911524}"
EndProject
Project("{2150E333-8FDC-42A3-9474-1A3956D46DE8}") = "WebApplication2", "WebApplication2", "{9D929C65-C179-0ED9-7191-9D10DFBAEF71}"
EndProject
Project("{FAE04EC0-301F-11D3-BF4B-00C04F79EFBC}") = "WebApplication2", "WebApplication2\WebApplication2\WebApplication2.csproj", "{B08A0680-ECF6-4284-95F3-AA8315E41626}"
EndProject
Project("{FAE04EC0-301F-11D3-BF4B-00C04F79EFBC}") = "ClassLibrary", "WebApplication2\ClassLibrary\ClassLibrary.csproj", "{BB3E8BA9-F92D-4687-A18A-6CE9CE25CCEB}"
EndProject
Project("{FAE04EC0-301F-11D3-BF4B-00C04F79EFBC}") = "InterfaceClassLibrary", "WebApplication2\InterfaceClassLibrary\InterfaceClassLibrary.csproj", "{B35368F9-8B8F-4DE9-A8E0-2FD584ACD288}"
EndProject
Project("{2150E333-8FDC-42A3-9474-1A3956D46DE8}") = "CRUD Demo", "CRUD Demo", "{80320AD7-3BB4-C066-1126-1702D6F24252}"
EndProject
Project("{FAE04EC0-301F-11D3-BF4B-00C04F79EFBC}") = "CRUD_DEMO", "CRUD Demo\CRUD_DEMO\CRUD_DEMO.csproj", "{BF4E7561-874B-4256-AEC5-06B26650954E}"
EndProject
Project("{FAE04EC0-301F-11D3-BF4B-00C04F79EFBC}") = "CRUDTests", "CRUD Demo\CRUDTests\CRUDTests.csproj", "{6EF968E8-6399-444D-8DF9-8F76634F996A}"
EndProject
Project("{FAE04EC0-301F-11D3-BF4B-00C04F79EFBC}") = "Entities", "CRUD Demo\Entities\Entities.csproj", "{2546B31D-1843-4BF6-B5A9-33657707A207}"
EndProject
Project("{FAE04EC0-301F-11D3-BF4B-00C04F79EFBC}") = "ServiceContracts", "CRUD Demo\ServiceContracts\ServiceContracts.csproj", "{ABFC329B-5B16-4BD5-BB4A-19B226D80477}"
EndProject
Project("{FAE04EC0-301F-11D3-BF4B-00C04F79EFBC}") = "Services", "CRUD Demo\Services\Services.csproj", "{ACE9F973-BC22-4218-964E-AB90F607FA43}"
EndProject
Project("{FAE04EC0-301F-11D3-BF4B-00C04F79EFBC}") = "ConsoleApp", "ConsoleApp\ConsoleApp.csproj", "{3748C730-A48D-4E59-846B-2E1308910B35}"
EndProject
Project("{FAE04EC0-301F-11D3-BF4B-00C04F79EFBC}") = "RepositoryContracts", "CRUD Demo\RepositoryContracts\RepositoryContracts.csproj", "{40E3906A-04AC-4B95-96E1-C4E0D1AC2E74}"
EndProject
Project("{FAE04EC0-301F-11D3-BF4B-00C04F79EFBC}") = "Repositories", "CRUD Demo\Repositories\Repositories.csproj", "{0C3F9FDE-DF8A-4189-9C71-E3752B8870CE}"
EndProject
Project("{2150E333-8FDC-42A3-9474-1A3956D46DE8}") = "CitiesManager", "CitiesManager", "{A843345B-4E55-0802-A56D-AA4667A383D4}"
EndProject
Project("{FAE04EC0-301F-11D3-BF4B-00C04F79EFBC}") = "CitiesManager.WebAPI", "CitiesManager\CitiesManager.WebAPI\CitiesManager.WebAPI.csproj", "{1DA48882-7839-49BF-8853-8BB93CB18588}"
EndProject
Global
	GlobalSection(SolutionConfigurationPlatforms) = preSolution
		Debug|Any CPU = Debug|Any CPU
		Release|Any CPU = Release|Any CPU
	EndGlobalSection
	GlobalSection(ProjectConfigurationPlatforms) = postSolution
		{61F7D6A2-A5F0-43CD-A4CA-09DBBF911524}.Debug|Any CPU.ActiveCfg = Debug|Any CPU
		{61F7D6A2-A5F0-43CD-A4CA-09DBBF911524}.Debug|Any CPU.Build.0 = Debug|Any CPU
		{61F7D6A2-A5F0-43CD-A4CA-09DBBF911524}.Release|Any CPU.ActiveCfg = Release|Any CPU
		{61F7D6A2-A5F0-43CD-A4CA-09DBBF911524}.Release|Any CPU.Build.0 = Release|Any CPU
		{B08A0680-ECF6-4284-95F3-AA8315E41626}.Debug|Any CPU.ActiveCfg = Debug|Any CPU
		{B08A0680-ECF6-4284-95F3-AA8315E41626}.Debug|Any CPU.Build.0 = Debug|Any CPU
		{B08A0680-ECF6-4284-95F3-AA8315E41626}.Release|Any CPU.ActiveCfg = Release|Any CPU
		{B08A0680-ECF6-4284-95F3-AA8315E41626}.Release|Any CPU.Build.0 = Release|Any CPU
		{BB3E8BA9-F92D-4687-A18A-6CE9CE25CCEB}.Debug|Any CPU.ActiveCfg = Debug|Any CPU
		{BB3E8BA9-F92D-4687-A18A-6CE9CE25CCEB}.Debug|Any CPU.Build.0 = Debug|Any CPU
		{BB3E8BA9-F92D-4687-A18A-6CE9CE25CCEB}.Release|Any CPU.ActiveCfg = Release|Any CPU
		{BB3E8BA9-F92D-4687-A18A-6CE9CE25CCEB}.Release|Any CPU.Build.0 = Release|Any CPU
		{B35368F9-8B8F-4DE9-A8E0-2FD584ACD288}.Debug|Any CPU.ActiveCfg = Debug|Any CPU
		{B35368F9-8B8F-4DE9-A8E0-2FD584ACD288}.Debug|Any CPU.Build.0 = Debug|Any CPU
		{B35368F9-8B8F-4DE9-A8E0-2FD584ACD288}.Release|Any CPU.ActiveCfg = Release|Any CPU
		{B35368F9-8B8F-4DE9-A8E0-2FD584ACD288}.Release|Any CPU.Build.0 = Release|Any CPU
		{BF4E7561-874B-4256-AEC5-06B26650954E}.Debug|Any CPU.ActiveCfg = Debug|Any CPU
		{BF4E7561-874B-4256-AEC5-06B26650954E}.Debug|Any CPU.Build.0 = Debug|Any CPU
		{BF4E7561-874B-4256-AEC5-06B26650954E}.Release|Any CPU.ActiveCfg = Release|Any CPU
		{BF4E7561-874B-4256-AEC5-06B26650954E}.Release|Any CPU.Build.0 = Release|Any CPU
		{6EF968E8-6399-444D-8DF9-8F76634F996A}.Debug|Any CPU.ActiveCfg = Debug|Any CPU
		{6EF968E8-6399-444D-8DF9-8F76634F996A}.Debug|Any CPU.Build.0 = Debug|Any CPU
		{6EF968E8-6399-444D-8DF9-8F76634F996A}.Release|Any CPU.ActiveCfg = Release|Any CPU
		{6EF968E8-6399-444D-8DF9-8F76634F996A}.Release|Any CPU.Build.0 = Release|Any CPU
		{2546B31D-1843-4BF6-B5A9-33657707A207}.Debug|Any CPU.ActiveCfg = Debug|Any CPU
		{2546B31D-1843-4BF6-B5A9-33657707A207}.Debug|Any CPU.Build.0 = Debug|Any CPU
		{2546B31D-1843-4BF6-B5A9-33657707A207}.Release|Any CPU.ActiveCfg = Release|Any CPU
		{2546B31D-1843-4BF6-B5A9-33657707A207}.Release|Any CPU.Build.0 = Release|Any CPU
		{ABFC329B-5B16-4BD5-BB4A-19B226D80477}.Debug|Any CPU.ActiveCfg = Debug|Any CPU
		{ABFC329B-5B16-4BD5-BB4A-19B226D80477}.Debug|Any CPU.Build.0 = Debug|Any CPU
		{ABFC329B-5B16-4BD5-BB4A-19B226D80477}.Release|Any CPU.ActiveCfg = Release|Any CPU
		{ABFC329B-5B16-4BD5-BB4A-19B226D80477}.Release|Any CPU.Build.0 = Release|Any CPU
		{ACE9F973-BC22-4218-964E-AB90F607FA43}.Debug|Any CPU.ActiveCfg = Debug|Any CPU
		{ACE9F973-BC22-4218-964E-AB90F607FA43}.Debug|Any CPU.Build.0 = Debug|Any CPU
		{ACE9F973-BC22-4218-964E-AB90F607FA43}.Release|Any CPU.ActiveCfg = Release|Any CPU
		{ACE9F973-BC22-4218-964E-AB90F607FA43}.Release|Any CPU.Build.0 = Release|Any CPU
		{3748C730-A48D-4E59-846B-2E1308910B35}.Debug|Any CPU.ActiveCfg = Debug|Any CPU
		{3748C730-A48D-4E59-846B-2E1308910B35}.Debug|Any CPU.Build.0 = Debug|Any CPU
		{3748C730-A48D-4E59-846B-2E1308910B35}.Release|Any CPU.ActiveCfg = Release|Any CPU
		{3748C730-A48D-4E59-846B-2E1308910B35}.Release|Any CPU.Build.0 = Release|Any CPU
		{40E3906A-04AC-4B95-96E1-C4E0D1AC2E74}.Debug|Any CPU.ActiveCfg = Debug|Any CPU
		{40E3906A-04AC-4B95-96E1-C4E0D1AC2E74}.Debug|Any CPU.Build.0 = Debug|Any CPU
		{40E3906A-04AC-4B95-96E1-C4E0D1AC2E74}.Release|Any CPU.ActiveCfg = Release|Any CPU
		{40E3906A-04AC-4B95-96E1-C4E0D1AC2E74}.Release|Any CPU.Build.0 = Release|Any CPU
		{0C3F9FDE-DF8A-4189-9C71-E3752B8870CE}.Debug|Any CPU.ActiveCfg = Debug|Any CPU
		{0C3F9FDE-DF8A-4189-9C71-E3752B8870CE}.Debug|Any CPU.Build.0 = Debug|Any CPU
		{0C3F9FDE-DF8A-4189-9C71-E3752B8870CE}.Release|Any CPU.ActiveCfg = Release|Any CPU
		{0C3F9FDE-DF8A-4189-9C71-E3752B8870CE}.Release|Any CPU.Build.0 = Release|Any CPU
		{1DA48882-7839-49BF-8853-8BB93CB18588}.Debug|Any CPU.ActiveCfg = Debug|Any CPU
		{1DA48882-7839-49BF-8853-8BB93CB18588}.Debug|Any CPU.Build.0 = Debug|Any CPU
		{1DA48882-7839-49BF-8853-8BB93CB18588}.Release|Any CPU.ActiveCfg = Release|Any CPU
		{1DA48882-7839-49BF-8853-8BB93CB18588}.Release|Any CPU.Build.0 = Release|Any CPU
	EndGlobalSection
	GlobalSection(SolutionProperties) = preSolution
		HideSolutionNode = FALSE
	EndGlobalSection
	GlobalSection(NestedProjects) = preSolution
		{61F7D6A2-A5F0-43CD-A4CA-09DBBF911524} = {4F5CF9E6-7706-44B6-B6D3-FB68025B030E}
		{B08A0680-ECF6-4284-95F3-AA8315E41626} = {9D929C65-C179-0ED9-7191-9D10DFBAEF71}
		{BB3E8BA9-F92D-4687-A18A-6CE9CE25CCEB} = {9D929C65-C179-0ED9-7191-9D10DFBAEF71}
		{B35368F9-8B8F-4DE9-A8E0-2FD584ACD288} = {9D929C65-C179-0ED9-7191-9D10DFBAEF71}
		{BF4E7561-874B-4256-AEC5-06B26650954E} = {80320AD7-3BB4-C066-1126-1702D6F24252}
		{6EF968E8-6399-444D-8DF9-8F76634F996A} = {80320AD7-3BB4-C066-1126-1702D6F24252}
		{2546B31D-1843-4BF6-B5A9-33657707A207} = {80320AD7-3BB4-C066-1126-1702D6F24252}
		{ABFC329B-5B16-4BD5-BB4A-19B226D80477} = {80320AD7-3BB4-C066-1126-1702D6F24252}
		{ACE9F973-BC22-4218-964E-AB90F607FA43} = {80320AD7-3BB4-C066-1126-1702D6F24252}
		{40E3906A-04AC-4B95-96E1-C4E0D1AC2E74} = {80320AD7-3BB4-C066-1126-1702D6F24252}
		{0C3F9FDE-DF8A-4189-9C71-E3752B8870CE} = {80320AD7-3BB4-C066-1126-1702D6F24252}
		{1DA48882-7839-49BF-8853-8BB93CB18588} = {A843345B-4E55-0802-A56D-AA4667A383D4}
	EndGlobalSection
EndGlobal
